# Astrago Helm Charts Versions Lock File
# Format: chart_name,version,checksum,download_date
# Generated at 2025-09-04T04:14:06Z

fluxcd-community/flux2,2.12.4,f187e37ed989d2714ac2b562a33a060893137a7dd7b67990f2166d5521a3e34b,2025-09-04T04:13:39Z
harbor/harbor,1.14.2,b950f0a3ab13a583d3c9840219b8826c832ecf88fdfe7681df1c4b925abdccae,2025-09-04T04:13:40Z
bitnami/keycloak,21.4.4,135c1e0674436475031bc2e093d5162653920833437541c42842f7ea90e8424a,2025-09-04T04:13:51Z
cowboysysop/mpi-operator,1.2.2,95ea0416d500a1b1460834a7dcb73e64b491bbaf8a51029659da41b61e3bd094,2025-09-04T04:13:59Z
csi-driver-nfs/csi-driver-nfs,v4.9.0,46d24290ed70826bc641fd1f21becd993093d20640b79ed6f97fc0dd13ab93f6,2025-09-04T04:13:59Z
prometheus-community/kube-prometheus-stack,61.9.0,1fbc026e400233b9f8fa72d668a64413bd5ff0a0e3cdbde950d95619e1888fbe,2025-09-04T04:14:06Z
